
Microsoft Visual Studio Solution File, Format Version 12.00
# Visual Studio 15
VisualStudioVersion = 15.0.26403.3
MinimumVisualStudioVersion = 10.0.40219.1
Project("{D954291E-2A0B-460D-934E-DC6B0785DB48}") = "WebinarDemos", "WebinarDemos\WebinarDemos\WebinarDemos.shproj", "{A5AF6152-F079-49CE-971F-91835F82104D}"
EndProject
Project("{FAE04EC0-301F-11D3-BF4B-00C04F79EFBC}") = "WebinarDemos.Android", "WebinarDemos\WebinarDemos.Android\WebinarDemos.Android.csproj", "{2AA0E0A7-17A9-40F6-B764-1E33552AC191}"
EndProject
Project("{FAE04EC0-301F-11D3-BF4B-00C04F79EFBC}") = "WebinarDemos.iOS", "WebinarDemos\WebinarDemos.iOS\WebinarDemos.iOS.csproj", "{BBB413EE-3D20-4D70-AF00-36B46A1EC819}"
EndProject
Project("{FAE04EC0-301F-11D3-BF4B-00C04F79EFBC}") = "WebinarDemos.UWP", "WebinarDemos\WebinarDemos.UWP\WebinarDemos.UWP.csproj", "{D7D91D1D-0A5E-44A2-89F5-D5F68B571515}"
EndProject
Global
	GlobalSection(SharedMSBuildProjectFiles) = preSolution
		WebinarDemos\WebinarDemos\WebinarDemos.projitems*{2aa0e0a7-17a9-40f6-b764-1e33552ac191}*SharedItemsImports = 4
		WebinarDemos\WebinarDemos\WebinarDemos.projitems*{a5af6152-f079-49ce-971f-91835f82104d}*SharedItemsImports = 13
		WebinarDemos\WebinarDemos\WebinarDemos.projitems*{bbb413ee-3d20-4d70-af00-36b46a1ec819}*SharedItemsImports = 4
		WebinarDemos\WebinarDemos\WebinarDemos.projitems*{d7d91d1d-0a5e-44a2-89f5-d5f68b571515}*SharedItemsImports = 4
	EndGlobalSection
	GlobalSection(SolutionConfigurationPlatforms) = preSolution
		Ad-Hoc|Any CPU = Ad-Hoc|Any CPU
		Ad-Hoc|ARM = Ad-Hoc|ARM
		Ad-Hoc|iPhone = Ad-Hoc|iPhone
		Ad-Hoc|iPhoneSimulator = Ad-Hoc|iPhoneSimulator
		Ad-Hoc|x64 = Ad-Hoc|x64
		Ad-Hoc|x86 = Ad-Hoc|x86
		AppStore|Any CPU = AppStore|Any CPU
		AppStore|ARM = AppStore|ARM
		AppStore|iPhone = AppStore|iPhone
		AppStore|iPhoneSimulator = AppStore|iPhoneSimulator
		AppStore|x64 = AppStore|x64
		AppStore|x86 = AppStore|x86
		Debug|Any CPU = Debug|Any CPU
		Debug|ARM = Debug|ARM
		Debug|iPhone = Debug|iPhone
		Debug|iPhoneSimulator = Debug|iPhoneSimulator
		Debug|x64 = Debug|x64
		Debug|x86 = Debug|x86
		Release|Any CPU = Release|Any CPU
		Release|ARM = Release|ARM
		Release|iPhone = Release|iPhone
		Release|iPhoneSimulator = Release|iPhoneSimulator
		Release|x64 = Release|x64
		Release|x86 = Release|x86
	EndGlobalSection
	GlobalSection(ProjectConfigurationPlatforms) = postSolution
		{2AA0E0A7-17A9-40F6-B764-1E33552AC191}.Ad-Hoc|Any CPU.ActiveCfg = Release|Any CPU
		{2AA0E0A7-17A9-40F6-B764-1E33552AC191}.Ad-Hoc|Any CPU.Build.0 = Release|Any CPU
		{2AA0E0A7-17A9-40F6-B764-1E33552AC191}.Ad-Hoc|Any CPU.Deploy.0 = Release|Any CPU
		{2AA0E0A7-17A9-40F6-B764-1E33552AC191}.Ad-Hoc|ARM.ActiveCfg = Release|Any CPU
		{2AA0E0A7-17A9-40F6-B764-1E33552AC191}.Ad-Hoc|ARM.Build.0 = Release|Any CPU
		{2AA0E0A7-17A9-40F6-B764-1E33552AC191}.Ad-Hoc|ARM.Deploy.0 = Release|Any CPU
		{2AA0E0A7-17A9-40F6-B764-1E33552AC191}.Ad-Hoc|iPhone.ActiveCfg = Release|Any CPU
		{2AA0E0A7-17A9-40F6-B764-1E33552AC191}.Ad-Hoc|iPhone.Build.0 = Release|Any CPU
		{2AA0E0A7-17A9-40F6-B764-1E33552AC191}.Ad-Hoc|iPhone.Deploy.0 = Release|Any CPU
		{2AA0E0A7-17A9-40F6-B764-1E33552AC191}.Ad-Hoc|iPhoneSimulator.ActiveCfg = Release|Any CPU
		{2AA0E0A7-17A9-40F6-B764-1E33552AC191}.Ad-Hoc|iPhoneSimulator.Build.0 = Release|Any CPU
		{2AA0E0A7-17A9-40F6-B764-1E33552AC191}.Ad-Hoc|iPhoneSimulator.Deploy.0 = Release|Any CPU
		{2AA0E0A7-17A9-40F6-B764-1E33552AC191}.Ad-Hoc|x64.ActiveCfg = Release|Any CPU
		{2AA0E0A7-17A9-40F6-B764-1E33552AC191}.Ad-Hoc|x64.Build.0 = Release|Any CPU
		{2AA0E0A7-17A9-40F6-B764-1E33552AC191}.Ad-Hoc|x64.Deploy.0 = Release|Any CPU
		{2AA0E0A7-17A9-40F6-B764-1E33552AC191}.Ad-Hoc|x86.ActiveCfg = Release|Any CPU
		{2AA0E0A7-17A9-40F6-B764-1E33552AC191}.Ad-Hoc|x86.Build.0 = Release|Any CPU
		{2AA0E0A7-17A9-40F6-B764-1E33552AC191}.Ad-Hoc|x86.Deploy.0 = Release|Any CPU
		{2AA0E0A7-17A9-40F6-B764-1E33552AC191}.AppStore|Any CPU.ActiveCfg = Release|Any CPU
		{2AA0E0A7-17A9-40F6-B764-1E33552AC191}.AppStore|Any CPU.Build.0 = Release|Any CPU
		{2AA0E0A7-17A9-40F6-B764-1E33552AC191}.AppStore|Any CPU.Deploy.0 = Release|Any CPU
		{2AA0E0A7-17A9-40F6-B764-1E33552AC191}.AppStore|ARM.ActiveCfg = Release|Any CPU
		{2AA0E0A7-17A9-40F6-B764-1E33552AC191}.AppStore|ARM.Build.0 = Release|Any CPU
		{2AA0E0A7-17A9-40F6-B764-1E33552AC191}.AppStore|ARM.Deploy.0 = Release|Any CPU
		{2AA0E0A7-17A9-40F6-B764-1E33552AC191}.AppStore|iPhone.ActiveCfg = Release|Any CPU
		{2AA0E0A7-17A9-40F6-B764-1E33552AC191}.AppStore|iPhone.Build.0 = Release|Any CPU
		{2AA0E0A7-17A9-40F6-B764-1E33552AC191}.AppStore|iPhone.Deploy.0 = Release|Any CPU
		{2AA0E0A7-17A9-40F6-B764-1E33552AC191}.AppStore|iPhoneSimulator.ActiveCfg = Release|Any CPU
		{2AA0E0A7-17A9-40F6-B764-1E33552AC191}.AppStore|iPhoneSimulator.Build.0 = Release|Any CPU
		{2AA0E0A7-17A9-40F6-B764-1E33552AC191}.AppStore|iPhoneSimulator.Deploy.0 = Release|Any CPU
		{2AA0E0A7-17A9-40F6-B764-1E33552AC191}.AppStore|x64.ActiveCfg = Release|Any CPU
		{2AA0E0A7-17A9-40F6-B764-1E33552AC191}.AppStore|x64.Build.0 = Release|Any CPU
		{2AA0E0A7-17A9-40F6-B764-1E33552AC191}.AppStore|x64.Deploy.0 = Release|Any CPU
		{2AA0E0A7-17A9-40F6-B764-1E33552AC191}.AppStore|x86.ActiveCfg = Release|Any CPU
		{2AA0E0A7-17A9-40F6-B764-1E33552AC191}.AppStore|x86.Build.0 = Release|Any CPU
		{2AA0E0A7-17A9-40F6-B764-1E33552AC191}.AppStore|x86.Deploy.0 = Release|Any CPU
		{2AA0E0A7-17A9-40F6-B764-1E33552AC191}.Debug|Any CPU.ActiveCfg = Debug|Any CPU
		{2AA0E0A7-17A9-40F6-B764-1E33552AC191}.Debug|Any CPU.Build.0 = Debug|Any CPU
		{2AA0E0A7-17A9-40F6-B764-1E33552AC191}.Debug|Any CPU.Deploy.0 = Debug|Any CPU
		{2AA0E0A7-17A9-40F6-B764-1E33552AC191}.Debug|ARM.ActiveCfg = Debug|Any CPU
		{2AA0E0A7-17A9-40F6-B764-1E33552AC191}.Debug|ARM.Build.0 = Debug|Any CPU
		{2AA0E0A7-17A9-40F6-B764-1E33552AC191}.Debug|ARM.Deploy.0 = Debug|Any CPU
		{2AA0E0A7-17A9-40F6-B764-1E33552AC191}.Debug|iPhone.ActiveCfg = Debug|Any CPU
		{2AA0E0A7-17A9-40F6-B764-1E33552AC191}.Debug|iPhone.Build.0 = Debug|Any CPU
		{2AA0E0A7-17A9-40F6-B764-1E33552AC191}.Debug|iPhone.Deploy.0 = Debug|Any CPU
		{2AA0E0A7-17A9-40F6-B764-1E33552AC191}.Debug|iPhoneSimulator.ActiveCfg = Debug|Any CPU
		{2AA0E0A7-17A9-40F6-B764-1E33552AC191}.Debug|iPhoneSimulator.Build.0 = Debug|Any CPU
		{2AA0E0A7-17A9-40F6-B764-1E33552AC191}.Debug|iPhoneSimulator.Deploy.0 = Debug|Any CPU
		{2AA0E0A7-17A9-40F6-B764-1E33552AC191}.Debug|x64.ActiveCfg = Debug|Any CPU
		{2AA0E0A7-17A9-40F6-B764-1E33552AC191}.Debug|x64.Build.0 = Debug|Any CPU
		{2AA0E0A7-17A9-40F6-B764-1E33552AC191}.Debug|x64.Deploy.0 = Debug|Any CPU
		{2AA0E0A7-17A9-40F6-B764-1E33552AC191}.Debug|x86.ActiveCfg = Debug|Any CPU
		{2AA0E0A7-17A9-40F6-B764-1E33552AC191}.Debug|x86.Build.0 = Debug|Any CPU
		{2AA0E0A7-17A9-40F6-B764-1E33552AC191}.Debug|x86.Deploy.0 = Debug|Any CPU
		{2AA0E0A7-17A9-40F6-B764-1E33552AC191}.Release|Any CPU.ActiveCfg = Release|Any CPU
		{2AA0E0A7-17A9-40F6-B764-1E33552AC191}.Release|Any CPU.Build.0 = Release|Any CPU
		{2AA0E0A7-17A9-40F6-B764-1E33552AC191}.Release|Any CPU.Deploy.0 = Release|Any CPU
		{2AA0E0A7-17A9-40F6-B764-1E33552AC191}.Release|ARM.ActiveCfg = Release|Any CPU
		{2AA0E0A7-17A9-40F6-B764-1E33552AC191}.Release|ARM.Build.0 = Release|Any CPU
		{2AA0E0A7-17A9-40F6-B764-1E33552AC191}.Release|ARM.Deploy.0 = Release|Any CPU
		{2AA0E0A7-17A9-40F6-B764-1E33552AC191}.Release|iPhone.ActiveCfg = Release|Any CPU
		{2AA0E0A7-17A9-40F6-B764-1E33552AC191}.Release|iPhone.Build.0 = Release|Any CPU
		{2AA0E0A7-17A9-40F6-B764-1E33552AC191}.Release|iPhone.Deploy.0 = Release|Any CPU
		{2AA0E0A7-17A9-40F6-B764-1E33552AC191}.Release|iPhoneSimulator.ActiveCfg = Release|Any CPU
		{2AA0E0A7-17A9-40F6-B764-1E33552AC191}.Release|iPhoneSimulator.Build.0 = Release|Any CPU
		{2AA0E0A7-17A9-40F6-B764-1E33552AC191}.Release|iPhoneSimulator.Deploy.0 = Release|Any CPU
		{2AA0E0A7-17A9-40F6-B764-1E33552AC191}.Release|x64.ActiveCfg = Release|Any CPU
		{2AA0E0A7-17A9-40F6-B764-1E33552AC191}.Release|x64.Build.0 = Release|Any CPU
		{2AA0E0A7-17A9-40F6-B764-1E33552AC191}.Release|x64.Deploy.0 = Release|Any CPU
		{2AA0E0A7-17A9-40F6-B764-1E33552AC191}.Release|x86.ActiveCfg = Release|Any CPU
		{2AA0E0A7-17A9-40F6-B764-1E33552AC191}.Release|x86.Build.0 = Release|Any CPU
		{2AA0E0A7-17A9-40F6-B764-1E33552AC191}.Release|x86.Deploy.0 = Release|Any CPU
		{BBB413EE-3D20-4D70-AF00-36B46A1EC819}.Ad-Hoc|Any CPU.ActiveCfg = Ad-Hoc|iPhone
		{BBB413EE-3D20-4D70-AF00-36B46A1EC819}.Ad-Hoc|ARM.ActiveCfg = Ad-Hoc|iPhone
		{BBB413EE-3D20-4D70-AF00-36B46A1EC819}.Ad-Hoc|iPhone.ActiveCfg = Ad-Hoc|iPhone
		{BBB413EE-3D20-4D70-AF00-36B46A1EC819}.Ad-Hoc|iPhone.Build.0 = Ad-Hoc|iPhone
		{BBB413EE-3D20-4D70-AF00-36B46A1EC819}.Ad-Hoc|iPhoneSimulator.ActiveCfg = Ad-Hoc|iPhoneSimulator
		{BBB413EE-3D20-4D70-AF00-36B46A1EC819}.Ad-Hoc|iPhoneSimulator.Build.0 = Ad-Hoc|iPhoneSimulator
		{BBB413EE-3D20-4D70-AF00-36B46A1EC819}.Ad-Hoc|x64.ActiveCfg = Ad-Hoc|iPhone
		{BBB413EE-3D20-4D70-AF00-36B46A1EC819}.Ad-Hoc|x86.ActiveCfg = Ad-Hoc|iPhone
		{BBB413EE-3D20-4D70-AF00-36B46A1EC819}.AppStore|Any CPU.ActiveCfg = AppStore|iPhone
		{BBB413EE-3D20-4D70-AF00-36B46A1EC819}.AppStore|ARM.ActiveCfg = AppStore|iPhone
		{BBB413EE-3D20-4D70-AF00-36B46A1EC819}.AppStore|iPhone.ActiveCfg = AppStore|iPhone
		{BBB413EE-3D20-4D70-AF00-36B46A1EC819}.AppStore|iPhone.Build.0 = AppStore|iPhone
		{BBB413EE-3D20-4D70-AF00-36B46A1EC819}.AppStore|iPhoneSimulator.ActiveCfg = AppStore|iPhoneSimulator
		{BBB413EE-3D20-4D70-AF00-36B46A1EC819}.AppStore|iPhoneSimulator.Build.0 = AppStore|iPhoneSimulator
		{BBB413EE-3D20-4D70-AF00-36B46A1EC819}.AppStore|x64.ActiveCfg = AppStore|iPhone
		{BBB413EE-3D20-4D70-AF00-36B46A1EC819}.AppStore|x86.ActiveCfg = AppStore|iPhone
		{BBB413EE-3D20-4D70-AF00-36B46A1EC819}.Debug|Any CPU.ActiveCfg = Debug|iPhone
		{BBB413EE-3D20-4D70-AF00-36B46A1EC819}.Debug|ARM.ActiveCfg = Debug|iPhone
		{BBB413EE-3D20-4D70-AF00-36B46A1EC819}.Debug|iPhone.ActiveCfg = Debug|iPhone
		{BBB413EE-3D20-4D70-AF00-36B46A1EC819}.Debug|iPhone.Build.0 = Debug|iPhone
		{BBB413EE-3D20-4D70-AF00-36B46A1EC819}.Debug|iPhoneSimulator.ActiveCfg = Debug|iPhoneSimulator
		{BBB413EE-3D20-4D70-AF00-36B46A1EC819}.Debug|iPhoneSimulator.Build.0 = Debug|iPhoneSimulator
		{BBB413EE-3D20-4D70-AF00-36B46A1EC819}.Debug|x64.ActiveCfg = Debug|iPhone
		{BBB413EE-3D20-4D70-AF00-36B46A1EC819}.Debug|x86.ActiveCfg = Debug|iPhone
		{BBB413EE-3D20-4D70-AF00-36B46A1EC819}.Release|Any CPU.ActiveCfg = Release|iPhone
		{BBB413EE-3D20-4D70-AF00-36B46A1EC819}.Release|ARM.ActiveCfg = Release|iPhone
		{BBB413EE-3D20-4D70-AF00-36B46A1EC819}.Release|iPhone.ActiveCfg = Release|iPhone
		{BBB413EE-3D20-4D70-AF00-36B46A1EC819}.Release|iPhone.Build.0 = Release|iPhone
		{BBB413EE-3D20-4D70-AF00-36B46A1EC819}.Release|iPhoneSimulator.ActiveCfg = Release|iPhoneSimulator
		{BBB413EE-3D20-4D70-AF00-36B46A1EC819}.Release|iPhoneSimulator.Build.0 = Release|iPhoneSimulator
		{BBB413EE-3D20-4D70-AF00-36B46A1EC819}.Release|x64.ActiveCfg = Release|iPhone
		{BBB413EE-3D20-4D70-AF00-36B46A1EC819}.Release|x86.ActiveCfg = Release|iPhone
		{D7D91D1D-0A5E-44A2-89F5-D5F68B571515}.Ad-Hoc|Any CPU.ActiveCfg = Release|x86
		{D7D91D1D-0A5E-44A2-89F5-D5F68B571515}.Ad-Hoc|Any CPU.Build.0 = Release|x86
		{D7D91D1D-0A5E-44A2-89F5-D5F68B571515}.Ad-Hoc|Any CPU.Deploy.0 = Release|x86
		{D7D91D1D-0A5E-44A2-89F5-D5F68B571515}.Ad-Hoc|ARM.ActiveCfg = Release|ARM
		{D7D91D1D-0A5E-44A2-89F5-D5F68B571515}.Ad-Hoc|ARM.Build.0 = Release|ARM
		{D7D91D1D-0A5E-44A2-89F5-D5F68B571515}.Ad-Hoc|ARM.Deploy.0 = Release|ARM
		{D7D91D1D-0A5E-44A2-89F5-D5F68B571515}.Ad-Hoc|iPhone.ActiveCfg = Release|x86
		{D7D91D1D-0A5E-44A2-89F5-D5F68B571515}.Ad-Hoc|iPhone.Build.0 = Release|x86
		{D7D91D1D-0A5E-44A2-89F5-D5F68B571515}.Ad-Hoc|iPhone.Deploy.0 = Release|x86
		{D7D91D1D-0A5E-44A2-89F5-D5F68B571515}.Ad-Hoc|iPhoneSimulator.ActiveCfg = Release|x86
		{D7D91D1D-0A5E-44A2-89F5-D5F68B571515}.Ad-Hoc|iPhoneSimulator.Build.0 = Release|x86
		{D7D91D1D-0A5E-44A2-89F5-D5F68B571515}.Ad-Hoc|iPhoneSimulator.Deploy.0 = Release|x86
		{D7D91D1D-0A5E-44A2-89F5-D5F68B571515}.Ad-Hoc|x64.ActiveCfg = Release|x64
		{D7D91D1D-0A5E-44A2-89F5-D5F68B571515}.Ad-Hoc|x64.Build.0 = Release|x64
		{D7D91D1D-0A5E-44A2-89F5-D5F68B571515}.Ad-Hoc|x64.Deploy.0 = Release|x64
		{D7D91D1D-0A5E-44A2-89F5-D5F68B571515}.Ad-Hoc|x86.ActiveCfg = Release|x86
		{D7D91D1D-0A5E-44A2-89F5-D5F68B571515}.Ad-Hoc|x86.Build.0 = Release|x86
		{D7D91D1D-0A5E-44A2-89F5-D5F68B571515}.Ad-Hoc|x86.Deploy.0 = Release|x86
		{D7D91D1D-0A5E-44A2-89F5-D5F68B571515}.AppStore|Any CPU.ActiveCfg = Release|x86
		{D7D91D1D-0A5E-44A2-89F5-D5F68B571515}.AppStore|Any CPU.Build.0 = Release|x86
		{D7D91D1D-0A5E-44A2-89F5-D5F68B571515}.AppStore|Any CPU.Deploy.0 = Release|x86
		{D7D91D1D-0A5E-44A2-89F5-D5F68B571515}.AppStore|ARM.ActiveCfg = Release|ARM
		{D7D91D1D-0A5E-44A2-89F5-D5F68B571515}.AppStore|ARM.Build.0 = Release|ARM
		{D7D91D1D-0A5E-44A2-89F5-D5F68B571515}.AppStore|ARM.Deploy.0 = Release|ARM
		{D7D91D1D-0A5E-44A2-89F5-D5F68B571515}.AppStore|iPhone.ActiveCfg = Release|x86
		{D7D91D1D-0A5E-44A2-89F5-D5F68B571515}.AppStore|iPhone.Build.0 = Release|x86
		{D7D91D1D-0A5E-44A2-89F5-D5F68B571515}.AppStore|iPhone.Deploy.0 = Release|x86
		{D7D91D1D-0A5E-44A2-89F5-D5F68B571515}.AppStore|iPhoneSimulator.ActiveCfg = Release|x86
		{D7D91D1D-0A5E-44A2-89F5-D5F68B571515}.AppStore|iPhoneSimulator.Build.0 = Release|x86
		{D7D91D1D-0A5E-44A2-89F5-D5F68B571515}.AppStore|iPhoneSimulator.Deploy.0 = Release|x86
		{D7D91D1D-0A5E-44A2-89F5-D5F68B571515}.AppStore|x64.ActiveCfg = Release|x64
		{D7D91D1D-0A5E-44A2-89F5-D5F68B571515}.AppStore|x64.Build.0 = Release|x64
		{D7D91D1D-0A5E-44A2-89F5-D5F68B571515}.AppStore|x64.Deploy.0 = Release|x64
		{D7D91D1D-0A5E-44A2-89F5-D5F68B571515}.AppStore|x86.ActiveCfg = Release|x86
		{D7D91D1D-0A5E-44A2-89F5-D5F68B571515}.AppStore|x86.Build.0 = Release|x86
		{D7D91D1D-0A5E-44A2-89F5-D5F68B571515}.AppStore|x86.Deploy.0 = Release|x86
		{D7D91D1D-0A5E-44A2-89F5-D5F68B571515}.Debug|Any CPU.ActiveCfg = Debug|x86
		{D7D91D1D-0A5E-44A2-89F5-D5F68B571515}.Debug|ARM.ActiveCfg = Debug|ARM
		{D7D91D1D-0A5E-44A2-89F5-D5F68B571515}.Debug|ARM.Build.0 = Debug|ARM
		{D7D91D1D-0A5E-44A2-89F5-D5F68B571515}.Debug|ARM.Deploy.0 = Debug|ARM
		{D7D91D1D-0A5E-44A2-89F5-D5F68B571515}.Debug|iPhone.ActiveCfg = Debug|x86
		{D7D91D1D-0A5E-44A2-89F5-D5F68B571515}.Debug|iPhoneSimulator.ActiveCfg = Debug|x86
		{D7D91D1D-0A5E-44A2-89F5-D5F68B571515}.Debug|x64.ActiveCfg = Debug|x64
		{D7D91D1D-0A5E-44A2-89F5-D5F68B571515}.Debug|x64.Build.0 = Debug|x64
		{D7D91D1D-0A5E-44A2-89F5-D5F68B571515}.Debug|x64.Deploy.0 = Debug|x64
		{D7D91D1D-0A5E-44A2-89F5-D5F68B571515}.Debug|x86.ActiveCfg = Debug|x86
		{D7D91D1D-0A5E-44A2-89F5-D5F68B571515}.Debug|x86.Build.0 = Debug|x86
		{D7D91D1D-0A5E-44A2-89F5-D5F68B571515}.Debug|x86.Deploy.0 = Debug|x86
		{D7D91D1D-0A5E-44A2-89F5-D5F68B571515}.Release|Any CPU.ActiveCfg = Release|x86
		{D7D91D1D-0A5E-44A2-89F5-D5F68B571515}.Release|ARM.ActiveCfg = Release|ARM
		{D7D91D1D-0A5E-44A2-89F5-D5F68B571515}.Release|ARM.Build.0 = Release|ARM
		{D7D91D1D-0A5E-44A2-89F5-D5F68B571515}.Release|ARM.Deploy.0 = Release|ARM
		{D7D91D1D-0A5E-44A2-89F5-D5F68B571515}.Release|iPhone.ActiveCfg = Release|x86
		{D7D91D1D-0A5E-44A2-89F5-D5F68B571515}.Release|iPhoneSimulator.ActiveCfg = Release|x86
		{D7D91D1D-0A5E-44A2-89F5-D5F68B571515}.Release|x64.ActiveCfg = Release|x64
		{D7D91D1D-0A5E-44A2-89F5-D5F68B571515}.Release|x64.Build.0 = Release|x64
		{D7D91D1D-0A5E-44A2-89F5-D5F68B571515}.Release|x64.Deploy.0 = Release|x64
		{D7D91D1D-0A5E-44A2-89F5-D5F68B571515}.Release|x86.ActiveCfg = Release|x86
		{D7D91D1D-0A5E-44A2-89F5-D5F68B571515}.Release|x86.Build.0 = Release|x86
		{D7D91D1D-0A5E-44A2-89F5-D5F68B571515}.Release|x86.Deploy.0 = Release|x86
	EndGlobalSection
	GlobalSection(SolutionProperties) = preSolution
		HideSolutionNode = FALSE
	EndGlobalSection
EndGlobal
